{
  "name": "luma-ai",
  "version": "0.1.0",
  "lockfileVersion": 3,
  "requires": true,
  "packages": {
    "": {
      "name": "luma-ai",
      "version": "0.1.0",
      "dependencies": {
        "@vitejs/plugin-react": "latest",
        "firebase": "latest",
        "lucide-react": "latest",
        "pdfjs-dist": "latest",
        "react": "latest",
        "react-dom": "latest",
        "react-markdown": "latest",
        "remark-gfm": "latest",
        "vite": "latest"
      }
    }
  }
}
